
Microsoft Visual Studio Solution File, Format Version 12.00
# Visual Studio Version 17
VisualStudioVersion = 17.4.33213.308
MinimumVisualStudioVersion = 10.0.40219.1
Project("{FAE04EC0-301F-11D3-BF4B-00C04F79EFBC}") = "Messenger", "Messenger.csproj", "{63A1E371-D58E-413D-9D58-BAEA4EC62963}"
EndProject
Global
	GlobalSection(SolutionConfigurationPlatforms) = preSolution
		Debug|Any CPU = Debug|Any CPU
		Release|Any CPU = Release|Any CPU
	EndGlobalSection
	GlobalSection(ProjectConfigurationPlatforms) = postSolution
		{63A1E371-D58E-413D-9D58-BAEA4EC62963}.Debug|Any CPU.ActiveCfg = Debug|Any CPU
		{63A1E371-D58E-413D-9D58-BAEA4EC62963}.Debug|Any CPU.Build.0 = Debug|Any CPU
		{63A1E371-D58E-413D-9D58-BAEA4EC62963}.Release|Any CPU.ActiveCfg = Release|Any CPU
		{63A1E371-D58E-413D-9D58-BAEA4EC62963}.Release|Any CPU.Build.0 = Release|Any CPU
	EndGlobalSection
	GlobalSection(SolutionProperties) = preSolution
		HideSolutionNode = FALSE
	EndGlobalSection
	GlobalSection(ExtensibilityGlobals) = postSolution
		SolutionGuid = {3CB164C0-02AE-4F01-BD58-FB58D2850BEF}
	EndGlobalSection
EndGlobal
