
Microsoft Visual Studio Solution File, Format Version 12.00
# Visual Studio Version 17
VisualStudioVersion = 17.3.32825.248
MinimumVisualStudioVersion = 10.0.40219.1
Project("{FAE04EC0-301F-11D3-BF4B-00C04F79EFBC}") = "Example2", "Example2.csproj", "{A3C8FB95-4956-48EC-AFAD-EF38B5356F3B}"
EndProject
Global
	GlobalSection(SolutionConfigurationPlatforms) = preSolution
		Debug|Any CPU = Debug|Any CPU
		Release|Any CPU = Release|Any CPU
	EndGlobalSection
	GlobalSection(ProjectConfigurationPlatforms) = postSolution
		{A3C8FB95-4956-48EC-AFAD-EF38B5356F3B}.Debug|Any CPU.ActiveCfg = Debug|Any CPU
		{A3C8FB95-4956-48EC-AFAD-EF38B5356F3B}.Debug|Any CPU.Build.0 = Debug|Any CPU
		{A3C8FB95-4956-48EC-AFAD-EF38B5356F3B}.Release|Any CPU.ActiveCfg = Release|Any CPU
		{A3C8FB95-4956-48EC-AFAD-EF38B5356F3B}.Release|Any CPU.Build.0 = Release|Any CPU
	EndGlobalSection
	GlobalSection(SolutionProperties) = preSolution
		HideSolutionNode = FALSE
	EndGlobalSection
	GlobalSection(ExtensibilityGlobals) = postSolution
		SolutionGuid = {CD23B616-5E70-4DF7-8134-33966E8B2AB0}
	EndGlobalSection
EndGlobal
