
Microsoft Visual Studio Solution File, Format Version 12.00
# Visual Studio Version 17
VisualStudioVersion = 17.4.33213.308
MinimumVisualStudioVersion = 10.0.40219.1
Project("{FAE04EC0-301F-11D3-BF4B-00C04F79EFBC}") = "ClassActivity1", "ClassActivity1\ClassActivity1.csproj", "{109FCBC9-4C91-4579-8B9A-D9B028A9558F}"
EndProject
Global
	GlobalSection(SolutionConfigurationPlatforms) = preSolution
		Debug|Any CPU = Debug|Any CPU
		Release|Any CPU = Release|Any CPU
	EndGlobalSection
	GlobalSection(ProjectConfigurationPlatforms) = postSolution
		{109FCBC9-4C91-4579-8B9A-D9B028A9558F}.Debug|Any CPU.ActiveCfg = Debug|Any CPU
		{109FCBC9-4C91-4579-8B9A-D9B028A9558F}.Debug|Any CPU.Build.0 = Debug|Any CPU
		{109FCBC9-4C91-4579-8B9A-D9B028A9558F}.Release|Any CPU.ActiveCfg = Release|Any CPU
		{109FCBC9-4C91-4579-8B9A-D9B028A9558F}.Release|Any CPU.Build.0 = Release|Any CPU
	EndGlobalSection
	GlobalSection(SolutionProperties) = preSolution
		HideSolutionNode = FALSE
	EndGlobalSection
	GlobalSection(ExtensibilityGlobals) = postSolution
		SolutionGuid = {8D9066F6-7C2C-4600-B091-EE083320E771}
	EndGlobalSection
EndGlobal
