
Microsoft Visual Studio Solution File, Format Version 12.00
# Visual Studio Version 17
VisualStudioVersion = 17.4.33213.308
MinimumVisualStudioVersion = 10.0.40219.1
Project("{9A19103F-16F7-4668-BE54-9A1E7A4F7556}") = "PrimeGen", "Project2\PrimeGen.csproj", "{FE59EE71-5C49-45E6-A5A2-9F9B99D9FDC9}"
EndProject
Global
	GlobalSection(SolutionConfigurationPlatforms) = preSolution
		Debug|Any CPU = Debug|Any CPU
		Release|Any CPU = Release|Any CPU
	EndGlobalSection
	GlobalSection(ProjectConfigurationPlatforms) = postSolution
		{FE59EE71-5C49-45E6-A5A2-9F9B99D9FDC9}.Debug|Any CPU.ActiveCfg = Debug|Any CPU
		{FE59EE71-5C49-45E6-A5A2-9F9B99D9FDC9}.Debug|Any CPU.Build.0 = Debug|Any CPU
		{FE59EE71-5C49-45E6-A5A2-9F9B99D9FDC9}.Release|Any CPU.ActiveCfg = Release|Any CPU
		{FE59EE71-5C49-45E6-A5A2-9F9B99D9FDC9}.Release|Any CPU.Build.0 = Release|Any CPU
	EndGlobalSection
	GlobalSection(SolutionProperties) = preSolution
		HideSolutionNode = FALSE
	EndGlobalSection
	GlobalSection(ExtensibilityGlobals) = postSolution
		SolutionGuid = {1D5501F4-FD0C-4E89-A0F8-7FAC8EF4F1D4}
	EndGlobalSection
EndGlobal
